{
  "originHash" : "931440278103ba39b2d835f2c346aeb873ebcb4ff41767ce2ae24e250b359dbe",
  "pins" : [
    {
      "identity" : "apollo-ios",
      "kind" : "remoteSourceControl",
      "location" : "https://github.com/apollographql/apollo-ios.git",
      "state" : {
        "revision" : "09a62e377f4e9054b5d3ee7d702984094e69f661",
        "version" : "1.25.7"
      }
    }
  ],
  "version" : 3
}
